
Microsoft Visual Studio Solution File, Format Version 12.00
# Visual Studio Version 17
VisualStudioVersion = 17.11.35327.3
MinimumVisualStudioVersion = 10.0.40219.1
Project("{2150E333-8FDC-42A3-9474-1A3956D46DE8}") = "Solution Items", "Solution Items", "{60B3BC2D-0BFF-4E21-A9E8-696E58F35443}"
	ProjectSection(SolutionItems) = preProject
		Directory.Build.props = Directory.Build.props
		Directory.Build.targets = Directory.Build.targets
	EndProjectSection
EndProject
Project("{9A19103F-16F7-4668-BE54-9A1E7A4F7556}") = "Diginsight.Analyzer.Common", "Diginsight.Analyzer.Common\Diginsight.Analyzer.Common.csproj", "{CF23C843-06B5-4DD2-8B87-2EC89AE9D61A}"
EndProject
Project("{9A19103F-16F7-4668-BE54-9A1E7A4F7556}") = "Diginsight.Analyzer.Entities", "Diginsight.Analyzer.Entities\Diginsight.Analyzer.Entities.csproj", "{F90C9523-A3BA-4FD6-98A0-387CF264A660}"
EndProject
Project("{9A19103F-16F7-4668-BE54-9A1E7A4F7556}") = "Diginsight.Analyzer.Repositories.Abstractions", "Diginsight.Analyzer.Repositories.Abstractions\Diginsight.Analyzer.Repositories.Abstractions.csproj", "{B9B8C51D-A6FE-49C3-AC1C-F442A9C743D5}"
EndProject
Project("{9A19103F-16F7-4668-BE54-9A1E7A4F7556}") = "Diginsight.Analyzer.Repositories", "Diginsight.Analyzer.Repositories\Diginsight.Analyzer.Repositories.csproj", "{BEB8C657-733D-43F4-8761-E4629BB52D42}"
EndProject
Project("{9A19103F-16F7-4668-BE54-9A1E7A4F7556}") = "Diginsight.Analyzer.Business.Abstractions", "Diginsight.Analyzer.Business.Abstractions\Diginsight.Analyzer.Business.Abstractions.csproj", "{0384EAE7-828E-4266-BAC9-6D1E90521D28}"
EndProject
Project("{9A19103F-16F7-4668-BE54-9A1E7A4F7556}") = "Diginsight.Analyzer.Business", "Diginsight.Analyzer.Business\Diginsight.Analyzer.Business.csproj", "{DFE4BD45-995D-4EC8-B5FF-9D02A009CBA8}"
EndProject
Project("{9A19103F-16F7-4668-BE54-9A1E7A4F7556}") = "Diginsight.Analyzer.API", "Diginsight.Analyzer.API\Diginsight.Analyzer.API.csproj", "{B5623857-8B8E-4631-ADCB-E0B7ECB3EB9D}"
EndProject
Project("{9A19103F-16F7-4668-BE54-9A1E7A4F7556}") = "Diginsight.Analyzer.Steps.Basic", "Diginsight.Analyzer.Steps\Diginsight.Analyzer.Steps.Basic.csproj", "{FC9FB984-AED1-4A9B-85FA-FBA1E22E559D}"
EndProject
Project("{2150E333-8FDC-42A3-9474-1A3956D46DE8}") = "Engine", "Engine", "{77111429-E3CB-4AA5-A1FE-7BE87F184194}"
EndProject
Project("{2150E333-8FDC-42A3-9474-1A3956D46DE8}") = "Steps", "Steps", "{C881C298-F7A7-4A6F-815F-BDA91B2DEDCB}"
EndProject
Global
	GlobalSection(SolutionConfigurationPlatforms) = preSolution
		Debug|Any CPU = Debug|Any CPU
		Release|Any CPU = Release|Any CPU
	EndGlobalSection
	GlobalSection(ProjectConfigurationPlatforms) = postSolution
		{CF23C843-06B5-4DD2-8B87-2EC89AE9D61A}.Debug|Any CPU.ActiveCfg = Debug|Any CPU
		{CF23C843-06B5-4DD2-8B87-2EC89AE9D61A}.Debug|Any CPU.Build.0 = Debug|Any CPU
		{CF23C843-06B5-4DD2-8B87-2EC89AE9D61A}.Release|Any CPU.ActiveCfg = Release|Any CPU
		{CF23C843-06B5-4DD2-8B87-2EC89AE9D61A}.Release|Any CPU.Build.0 = Release|Any CPU
		{F90C9523-A3BA-4FD6-98A0-387CF264A660}.Debug|Any CPU.ActiveCfg = Debug|Any CPU
		{F90C9523-A3BA-4FD6-98A0-387CF264A660}.Debug|Any CPU.Build.0 = Debug|Any CPU
		{F90C9523-A3BA-4FD6-98A0-387CF264A660}.Release|Any CPU.ActiveCfg = Release|Any CPU
		{F90C9523-A3BA-4FD6-98A0-387CF264A660}.Release|Any CPU.Build.0 = Release|Any CPU
		{B9B8C51D-A6FE-49C3-AC1C-F442A9C743D5}.Debug|Any CPU.ActiveCfg = Debug|Any CPU
		{B9B8C51D-A6FE-49C3-AC1C-F442A9C743D5}.Debug|Any CPU.Build.0 = Debug|Any CPU
		{B9B8C51D-A6FE-49C3-AC1C-F442A9C743D5}.Release|Any CPU.ActiveCfg = Release|Any CPU
		{B9B8C51D-A6FE-49C3-AC1C-F442A9C743D5}.Release|Any CPU.Build.0 = Release|Any CPU
		{BEB8C657-733D-43F4-8761-E4629BB52D42}.Debug|Any CPU.ActiveCfg = Debug|Any CPU
		{BEB8C657-733D-43F4-8761-E4629BB52D42}.Debug|Any CPU.Build.0 = Debug|Any CPU
		{BEB8C657-733D-43F4-8761-E4629BB52D42}.Release|Any CPU.ActiveCfg = Release|Any CPU
		{BEB8C657-733D-43F4-8761-E4629BB52D42}.Release|Any CPU.Build.0 = Release|Any CPU
		{0384EAE7-828E-4266-BAC9-6D1E90521D28}.Debug|Any CPU.ActiveCfg = Debug|Any CPU
		{0384EAE7-828E-4266-BAC9-6D1E90521D28}.Debug|Any CPU.Build.0 = Debug|Any CPU
		{0384EAE7-828E-4266-BAC9-6D1E90521D28}.Release|Any CPU.ActiveCfg = Release|Any CPU
		{0384EAE7-828E-4266-BAC9-6D1E90521D28}.Release|Any CPU.Build.0 = Release|Any CPU
		{DFE4BD45-995D-4EC8-B5FF-9D02A009CBA8}.Debug|Any CPU.ActiveCfg = Debug|Any CPU
		{DFE4BD45-995D-4EC8-B5FF-9D02A009CBA8}.Debug|Any CPU.Build.0 = Debug|Any CPU
		{DFE4BD45-995D-4EC8-B5FF-9D02A009CBA8}.Release|Any CPU.ActiveCfg = Release|Any CPU
		{DFE4BD45-995D-4EC8-B5FF-9D02A009CBA8}.Release|Any CPU.Build.0 = Release|Any CPU
		{B5623857-8B8E-4631-ADCB-E0B7ECB3EB9D}.Debug|Any CPU.ActiveCfg = Debug|Any CPU
		{B5623857-8B8E-4631-ADCB-E0B7ECB3EB9D}.Debug|Any CPU.Build.0 = Debug|Any CPU
		{B5623857-8B8E-4631-ADCB-E0B7ECB3EB9D}.Release|Any CPU.ActiveCfg = Release|Any CPU
		{B5623857-8B8E-4631-ADCB-E0B7ECB3EB9D}.Release|Any CPU.Build.0 = Release|Any CPU
		{FC9FB984-AED1-4A9B-85FA-FBA1E22E559D}.Debug|Any CPU.ActiveCfg = Debug|Any CPU
		{FC9FB984-AED1-4A9B-85FA-FBA1E22E559D}.Debug|Any CPU.Build.0 = Debug|Any CPU
		{FC9FB984-AED1-4A9B-85FA-FBA1E22E559D}.Release|Any CPU.ActiveCfg = Release|Any CPU
		{FC9FB984-AED1-4A9B-85FA-FBA1E22E559D}.Release|Any CPU.Build.0 = Release|Any CPU
	EndGlobalSection
	GlobalSection(SolutionProperties) = preSolution
		HideSolutionNode = FALSE
	EndGlobalSection
	GlobalSection(NestedProjects) = preSolution
		{CF23C843-06B5-4DD2-8B87-2EC89AE9D61A} = {77111429-E3CB-4AA5-A1FE-7BE87F184194}
		{F90C9523-A3BA-4FD6-98A0-387CF264A660} = {77111429-E3CB-4AA5-A1FE-7BE87F184194}
		{B9B8C51D-A6FE-49C3-AC1C-F442A9C743D5} = {77111429-E3CB-4AA5-A1FE-7BE87F184194}
		{BEB8C657-733D-43F4-8761-E4629BB52D42} = {77111429-E3CB-4AA5-A1FE-7BE87F184194}
		{0384EAE7-828E-4266-BAC9-6D1E90521D28} = {77111429-E3CB-4AA5-A1FE-7BE87F184194}
		{DFE4BD45-995D-4EC8-B5FF-9D02A009CBA8} = {77111429-E3CB-4AA5-A1FE-7BE87F184194}
		{B5623857-8B8E-4631-ADCB-E0B7ECB3EB9D} = {77111429-E3CB-4AA5-A1FE-7BE87F184194}
		{FC9FB984-AED1-4A9B-85FA-FBA1E22E559D} = {C881C298-F7A7-4A6F-815F-BDA91B2DEDCB}
	EndGlobalSection
	GlobalSection(ExtensibilityGlobals) = postSolution
		SolutionGuid = {78852E03-4424-474F-960E-B00DDA15AFA1}
	EndGlobalSection
EndGlobal
